
Microsoft Visual Studio Solution File, Format Version 12.00
# Visual Studio 15
VisualStudioVersion = 15.0.28307.136
MinimumVisualStudioVersion = 10.0.40219.1
Project("{FAE04EC0-301F-11D3-BF4B-00C04F79EFBC}") = "SexContract.Mobile.Android", "SexContract.Mobile\SexContract.Mobile.Android\SexContract.Mobile.Android.csproj", "{07A4EEDF-0177-4A85-A000-7ACC6E9109BC}"
EndProject
Project("{FAE04EC0-301F-11D3-BF4B-00C04F79EFBC}") = "SexContract.Mobile.iOS", "SexContract.Mobile\SexContract.Mobile.iOS\SexContract.Mobile.iOS.csproj", "{FB38FD29-B626-4B24-A059-BA14E25E2DD5}"
EndProject
Project("{FAE04EC0-301F-11D3-BF4B-00C04F79EFBC}") = "SexContract.Mobile", "SexContract.Mobile\SexContract.Mobile\SexContract.Mobile.csproj", "{9609436F-E3AD-4426-BF76-9147FD5E7703}"
EndProject
Project("{FAE04EC0-301F-11D3-BF4B-00C04F79EFBC}") = "SexContract.API", "SexContract.API\SexContract.API.csproj", "{EFA7E45C-BCEC-4582-A47B-81276C387293}"
EndProject
Global
	GlobalSection(SolutionConfigurationPlatforms) = preSolution
		Ad-Hoc|Any CPU = Ad-Hoc|Any CPU
		Ad-Hoc|ARM = Ad-Hoc|ARM
		Ad-Hoc|iPhone = Ad-Hoc|iPhone
		Ad-Hoc|iPhoneSimulator = Ad-Hoc|iPhoneSimulator
		Ad-Hoc|x64 = Ad-Hoc|x64
		Ad-Hoc|x86 = Ad-Hoc|x86
		AppStore|Any CPU = AppStore|Any CPU
		AppStore|ARM = AppStore|ARM
		AppStore|iPhone = AppStore|iPhone
		AppStore|iPhoneSimulator = AppStore|iPhoneSimulator
		AppStore|x64 = AppStore|x64
		AppStore|x86 = AppStore|x86
		Debug|Any CPU = Debug|Any CPU
		Debug|ARM = Debug|ARM
		Debug|iPhone = Debug|iPhone
		Debug|iPhoneSimulator = Debug|iPhoneSimulator
		Debug|x64 = Debug|x64
		Debug|x86 = Debug|x86
		Release|Any CPU = Release|Any CPU
		Release|ARM = Release|ARM
		Release|iPhone = Release|iPhone
		Release|iPhoneSimulator = Release|iPhoneSimulator
		Release|x64 = Release|x64
		Release|x86 = Release|x86
	EndGlobalSection
	GlobalSection(ProjectConfigurationPlatforms) = postSolution
		{07A4EEDF-0177-4A85-A000-7ACC6E9109BC}.Ad-Hoc|Any CPU.ActiveCfg = Release|Any CPU
		{07A4EEDF-0177-4A85-A000-7ACC6E9109BC}.Ad-Hoc|Any CPU.Build.0 = Release|Any CPU
		{07A4EEDF-0177-4A85-A000-7ACC6E9109BC}.Ad-Hoc|Any CPU.Deploy.0 = Release|Any CPU
		{07A4EEDF-0177-4A85-A000-7ACC6E9109BC}.Ad-Hoc|ARM.ActiveCfg = Release|Any CPU
		{07A4EEDF-0177-4A85-A000-7ACC6E9109BC}.Ad-Hoc|ARM.Build.0 = Release|Any CPU
		{07A4EEDF-0177-4A85-A000-7ACC6E9109BC}.Ad-Hoc|ARM.Deploy.0 = Release|Any CPU
		{07A4EEDF-0177-4A85-A000-7ACC6E9109BC}.Ad-Hoc|iPhone.ActiveCfg = Release|Any CPU
		{07A4EEDF-0177-4A85-A000-7ACC6E9109BC}.Ad-Hoc|iPhone.Build.0 = Release|Any CPU
		{07A4EEDF-0177-4A85-A000-7ACC6E9109BC}.Ad-Hoc|iPhone.Deploy.0 = Release|Any CPU
		{07A4EEDF-0177-4A85-A000-7ACC6E9109BC}.Ad-Hoc|iPhoneSimulator.ActiveCfg = Release|Any CPU
		{07A4EEDF-0177-4A85-A000-7ACC6E9109BC}.Ad-Hoc|iPhoneSimulator.Build.0 = Release|Any CPU
		{07A4EEDF-0177-4A85-A000-7ACC6E9109BC}.Ad-Hoc|iPhoneSimulator.Deploy.0 = Release|Any CPU
		{07A4EEDF-0177-4A85-A000-7ACC6E9109BC}.Ad-Hoc|x64.ActiveCfg = Release|Any CPU
		{07A4EEDF-0177-4A85-A000-7ACC6E9109BC}.Ad-Hoc|x64.Build.0 = Release|Any CPU
		{07A4EEDF-0177-4A85-A000-7ACC6E9109BC}.Ad-Hoc|x64.Deploy.0 = Release|Any CPU
		{07A4EEDF-0177-4A85-A000-7ACC6E9109BC}.Ad-Hoc|x86.ActiveCfg = Release|Any CPU
		{07A4EEDF-0177-4A85-A000-7ACC6E9109BC}.Ad-Hoc|x86.Build.0 = Release|Any CPU
		{07A4EEDF-0177-4A85-A000-7ACC6E9109BC}.Ad-Hoc|x86.Deploy.0 = Release|Any CPU
		{07A4EEDF-0177-4A85-A000-7ACC6E9109BC}.AppStore|Any CPU.ActiveCfg = Release|Any CPU
		{07A4EEDF-0177-4A85-A000-7ACC6E9109BC}.AppStore|Any CPU.Build.0 = Release|Any CPU
		{07A4EEDF-0177-4A85-A000-7ACC6E9109BC}.AppStore|Any CPU.Deploy.0 = Release|Any CPU
		{07A4EEDF-0177-4A85-A000-7ACC6E9109BC}.AppStore|ARM.ActiveCfg = Release|Any CPU
		{07A4EEDF-0177-4A85-A000-7ACC6E9109BC}.AppStore|ARM.Build.0 = Release|Any CPU
		{07A4EEDF-0177-4A85-A000-7ACC6E9109BC}.AppStore|ARM.Deploy.0 = Release|Any CPU
		{07A4EEDF-0177-4A85-A000-7ACC6E9109BC}.AppStore|iPhone.ActiveCfg = Release|Any CPU
		{07A4EEDF-0177-4A85-A000-7ACC6E9109BC}.AppStore|iPhone.Build.0 = Release|Any CPU
		{07A4EEDF-0177-4A85-A000-7ACC6E9109BC}.AppStore|iPhone.Deploy.0 = Release|Any CPU
		{07A4EEDF-0177-4A85-A000-7ACC6E9109BC}.AppStore|iPhoneSimulator.ActiveCfg = Release|Any CPU
		{07A4EEDF-0177-4A85-A000-7ACC6E9109BC}.AppStore|iPhoneSimulator.Build.0 = Release|Any CPU
		{07A4EEDF-0177-4A85-A000-7ACC6E9109BC}.AppStore|iPhoneSimulator.Deploy.0 = Release|Any CPU
		{07A4EEDF-0177-4A85-A000-7ACC6E9109BC}.AppStore|x64.ActiveCfg = Release|Any CPU
		{07A4EEDF-0177-4A85-A000-7ACC6E9109BC}.AppStore|x64.Build.0 = Release|Any CPU
		{07A4EEDF-0177-4A85-A000-7ACC6E9109BC}.AppStore|x64.Deploy.0 = Release|Any CPU
		{07A4EEDF-0177-4A85-A000-7ACC6E9109BC}.AppStore|x86.ActiveCfg = Release|Any CPU
		{07A4EEDF-0177-4A85-A000-7ACC6E9109BC}.AppStore|x86.Build.0 = Release|Any CPU
		{07A4EEDF-0177-4A85-A000-7ACC6E9109BC}.AppStore|x86.Deploy.0 = Release|Any CPU
		{07A4EEDF-0177-4A85-A000-7ACC6E9109BC}.Debug|Any CPU.ActiveCfg = Debug|Any CPU
		{07A4EEDF-0177-4A85-A000-7ACC6E9109BC}.Debug|Any CPU.Build.0 = Debug|Any CPU
		{07A4EEDF-0177-4A85-A000-7ACC6E9109BC}.Debug|Any CPU.Deploy.0 = Debug|Any CPU
		{07A4EEDF-0177-4A85-A000-7ACC6E9109BC}.Debug|ARM.ActiveCfg = Debug|Any CPU
		{07A4EEDF-0177-4A85-A000-7ACC6E9109BC}.Debug|ARM.Build.0 = Debug|Any CPU
		{07A4EEDF-0177-4A85-A000-7ACC6E9109BC}.Debug|ARM.Deploy.0 = Debug|Any CPU
		{07A4EEDF-0177-4A85-A000-7ACC6E9109BC}.Debug|iPhone.ActiveCfg = Debug|Any CPU
		{07A4EEDF-0177-4A85-A000-7ACC6E9109BC}.Debug|iPhone.Build.0 = Debug|Any CPU
		{07A4EEDF-0177-4A85-A000-7ACC6E9109BC}.Debug|iPhone.Deploy.0 = Debug|Any CPU
		{07A4EEDF-0177-4A85-A000-7ACC6E9109BC}.Debug|iPhoneSimulator.ActiveCfg = Debug|Any CPU
		{07A4EEDF-0177-4A85-A000-7ACC6E9109BC}.Debug|iPhoneSimulator.Build.0 = Debug|Any CPU
		{07A4EEDF-0177-4A85-A000-7ACC6E9109BC}.Debug|iPhoneSimulator.Deploy.0 = Debug|Any CPU
		{07A4EEDF-0177-4A85-A000-7ACC6E9109BC}.Debug|x64.ActiveCfg = Debug|Any CPU
		{07A4EEDF-0177-4A85-A000-7ACC6E9109BC}.Debug|x64.Build.0 = Debug|Any CPU
		{07A4EEDF-0177-4A85-A000-7ACC6E9109BC}.Debug|x64.Deploy.0 = Debug|Any CPU
		{07A4EEDF-0177-4A85-A000-7ACC6E9109BC}.Debug|x86.ActiveCfg = Debug|Any CPU
		{07A4EEDF-0177-4A85-A000-7ACC6E9109BC}.Debug|x86.Build.0 = Debug|Any CPU
		{07A4EEDF-0177-4A85-A000-7ACC6E9109BC}.Debug|x86.Deploy.0 = Debug|Any CPU
		{07A4EEDF-0177-4A85-A000-7ACC6E9109BC}.Release|Any CPU.ActiveCfg = Release|Any CPU
		{07A4EEDF-0177-4A85-A000-7ACC6E9109BC}.Release|Any CPU.Build.0 = Release|Any CPU
		{07A4EEDF-0177-4A85-A000-7ACC6E9109BC}.Release|Any CPU.Deploy.0 = Release|Any CPU
		{07A4EEDF-0177-4A85-A000-7ACC6E9109BC}.Release|ARM.ActiveCfg = Release|Any CPU
		{07A4EEDF-0177-4A85-A000-7ACC6E9109BC}.Release|ARM.Build.0 = Release|Any CPU
		{07A4EEDF-0177-4A85-A000-7ACC6E9109BC}.Release|ARM.Deploy.0 = Release|Any CPU
		{07A4EEDF-0177-4A85-A000-7ACC6E9109BC}.Release|iPhone.ActiveCfg = Release|Any CPU
		{07A4EEDF-0177-4A85-A000-7ACC6E9109BC}.Release|iPhone.Build.0 = Release|Any CPU
		{07A4EEDF-0177-4A85-A000-7ACC6E9109BC}.Release|iPhone.Deploy.0 = Release|Any CPU
		{07A4EEDF-0177-4A85-A000-7ACC6E9109BC}.Release|iPhoneSimulator.ActiveCfg = Release|Any CPU
		{07A4EEDF-0177-4A85-A000-7ACC6E9109BC}.Release|iPhoneSimulator.Build.0 = Release|Any CPU
		{07A4EEDF-0177-4A85-A000-7ACC6E9109BC}.Release|iPhoneSimulator.Deploy.0 = Release|Any CPU
		{07A4EEDF-0177-4A85-A000-7ACC6E9109BC}.Release|x64.ActiveCfg = Release|Any CPU
		{07A4EEDF-0177-4A85-A000-7ACC6E9109BC}.Release|x64.Build.0 = Release|Any CPU
		{07A4EEDF-0177-4A85-A000-7ACC6E9109BC}.Release|x64.Deploy.0 = Release|Any CPU
		{07A4EEDF-0177-4A85-A000-7ACC6E9109BC}.Release|x86.ActiveCfg = Release|Any CPU
		{07A4EEDF-0177-4A85-A000-7ACC6E9109BC}.Release|x86.Build.0 = Release|Any CPU
		{07A4EEDF-0177-4A85-A000-7ACC6E9109BC}.Release|x86.Deploy.0 = Release|Any CPU
		{FB38FD29-B626-4B24-A059-BA14E25E2DD5}.Ad-Hoc|Any CPU.ActiveCfg = Ad-Hoc|iPhone
		{FB38FD29-B626-4B24-A059-BA14E25E2DD5}.Ad-Hoc|Any CPU.Build.0 = Ad-Hoc|iPhone
		{FB38FD29-B626-4B24-A059-BA14E25E2DD5}.Ad-Hoc|Any CPU.Deploy.0 = Ad-Hoc|iPhone
		{FB38FD29-B626-4B24-A059-BA14E25E2DD5}.Ad-Hoc|ARM.ActiveCfg = Ad-Hoc|iPhone
		{FB38FD29-B626-4B24-A059-BA14E25E2DD5}.Ad-Hoc|ARM.Build.0 = Ad-Hoc|iPhone
		{FB38FD29-B626-4B24-A059-BA14E25E2DD5}.Ad-Hoc|ARM.Deploy.0 = Ad-Hoc|iPhone
		{FB38FD29-B626-4B24-A059-BA14E25E2DD5}.Ad-Hoc|iPhone.ActiveCfg = Ad-Hoc|iPhone
		{FB38FD29-B626-4B24-A059-BA14E25E2DD5}.Ad-Hoc|iPhone.Build.0 = Ad-Hoc|iPhone
		{FB38FD29-B626-4B24-A059-BA14E25E2DD5}.Ad-Hoc|iPhone.Deploy.0 = Ad-Hoc|iPhone
		{FB38FD29-B626-4B24-A059-BA14E25E2DD5}.Ad-Hoc|iPhoneSimulator.ActiveCfg = Ad-Hoc|iPhoneSimulator
		{FB38FD29-B626-4B24-A059-BA14E25E2DD5}.Ad-Hoc|iPhoneSimulator.Build.0 = Ad-Hoc|iPhoneSimulator
		{FB38FD29-B626-4B24-A059-BA14E25E2DD5}.Ad-Hoc|iPhoneSimulator.Deploy.0 = Ad-Hoc|iPhoneSimulator
		{FB38FD29-B626-4B24-A059-BA14E25E2DD5}.Ad-Hoc|x64.ActiveCfg = Ad-Hoc|iPhone
		{FB38FD29-B626-4B24-A059-BA14E25E2DD5}.Ad-Hoc|x64.Build.0 = Ad-Hoc|iPhone
		{FB38FD29-B626-4B24-A059-BA14E25E2DD5}.Ad-Hoc|x64.Deploy.0 = Ad-Hoc|iPhone
		{FB38FD29-B626-4B24-A059-BA14E25E2DD5}.Ad-Hoc|x86.ActiveCfg = Ad-Hoc|iPhone
		{FB38FD29-B626-4B24-A059-BA14E25E2DD5}.Ad-Hoc|x86.Build.0 = Ad-Hoc|iPhone
		{FB38FD29-B626-4B24-A059-BA14E25E2DD5}.Ad-Hoc|x86.Deploy.0 = Ad-Hoc|iPhone
		{FB38FD29-B626-4B24-A059-BA14E25E2DD5}.AppStore|Any CPU.ActiveCfg = AppStore|iPhone
		{FB38FD29-B626-4B24-A059-BA14E25E2DD5}.AppStore|Any CPU.Build.0 = AppStore|iPhone
		{FB38FD29-B626-4B24-A059-BA14E25E2DD5}.AppStore|Any CPU.Deploy.0 = AppStore|iPhone
		{FB38FD29-B626-4B24-A059-BA14E25E2DD5}.AppStore|ARM.ActiveCfg = AppStore|iPhone
		{FB38FD29-B626-4B24-A059-BA14E25E2DD5}.AppStore|ARM.Build.0 = AppStore|iPhone
		{FB38FD29-B626-4B24-A059-BA14E25E2DD5}.AppStore|ARM.Deploy.0 = AppStore|iPhone
		{FB38FD29-B626-4B24-A059-BA14E25E2DD5}.AppStore|iPhone.ActiveCfg = AppStore|iPhone
		{FB38FD29-B626-4B24-A059-BA14E25E2DD5}.AppStore|iPhone.Build.0 = AppStore|iPhone
		{FB38FD29-B626-4B24-A059-BA14E25E2DD5}.AppStore|iPhone.Deploy.0 = AppStore|iPhone
		{FB38FD29-B626-4B24-A059-BA14E25E2DD5}.AppStore|iPhoneSimulator.ActiveCfg = AppStore|iPhoneSimulator
		{FB38FD29-B626-4B24-A059-BA14E25E2DD5}.AppStore|iPhoneSimulator.Build.0 = AppStore|iPhoneSimulator
		{FB38FD29-B626-4B24-A059-BA14E25E2DD5}.AppStore|iPhoneSimulator.Deploy.0 = AppStore|iPhoneSimulator
		{FB38FD29-B626-4B24-A059-BA14E25E2DD5}.AppStore|x64.ActiveCfg = AppStore|iPhone
		{FB38FD29-B626-4B24-A059-BA14E25E2DD5}.AppStore|x64.Build.0 = AppStore|iPhone
		{FB38FD29-B626-4B24-A059-BA14E25E2DD5}.AppStore|x64.Deploy.0 = AppStore|iPhone
		{FB38FD29-B626-4B24-A059-BA14E25E2DD5}.AppStore|x86.ActiveCfg = AppStore|iPhone
		{FB38FD29-B626-4B24-A059-BA14E25E2DD5}.AppStore|x86.Build.0 = AppStore|iPhone
		{FB38FD29-B626-4B24-A059-BA14E25E2DD5}.AppStore|x86.Deploy.0 = AppStore|iPhone
		{FB38FD29-B626-4B24-A059-BA14E25E2DD5}.Debug|Any CPU.ActiveCfg = Debug|iPhoneSimulator
		{FB38FD29-B626-4B24-A059-BA14E25E2DD5}.Debug|Any CPU.Build.0 = Debug|iPhoneSimulator
		{FB38FD29-B626-4B24-A059-BA14E25E2DD5}.Debug|Any CPU.Deploy.0 = Debug|iPhoneSimulator
		{FB38FD29-B626-4B24-A059-BA14E25E2DD5}.Debug|ARM.ActiveCfg = Debug|iPhone
		{FB38FD29-B626-4B24-A059-BA14E25E2DD5}.Debug|ARM.Build.0 = Debug|iPhone
		{FB38FD29-B626-4B24-A059-BA14E25E2DD5}.Debug|ARM.Deploy.0 = Debug|iPhone
		{FB38FD29-B626-4B24-A059-BA14E25E2DD5}.Debug|iPhone.ActiveCfg = Debug|iPhone
		{FB38FD29-B626-4B24-A059-BA14E25E2DD5}.Debug|iPhone.Build.0 = Debug|iPhone
		{FB38FD29-B626-4B24-A059-BA14E25E2DD5}.Debug|iPhone.Deploy.0 = Debug|iPhone
		{FB38FD29-B626-4B24-A059-BA14E25E2DD5}.Debug|iPhoneSimulator.ActiveCfg = Debug|iPhoneSimulator
		{FB38FD29-B626-4B24-A059-BA14E25E2DD5}.Debug|iPhoneSimulator.Build.0 = Debug|iPhoneSimulator
		{FB38FD29-B626-4B24-A059-BA14E25E2DD5}.Debug|iPhoneSimulator.Deploy.0 = Debug|iPhoneSimulator
		{FB38FD29-B626-4B24-A059-BA14E25E2DD5}.Debug|x64.ActiveCfg = Debug|iPhone
		{FB38FD29-B626-4B24-A059-BA14E25E2DD5}.Debug|x64.Build.0 = Debug|iPhone
		{FB38FD29-B626-4B24-A059-BA14E25E2DD5}.Debug|x64.Deploy.0 = Debug|iPhone
		{FB38FD29-B626-4B24-A059-BA14E25E2DD5}.Debug|x86.ActiveCfg = Debug|iPhone
		{FB38FD29-B626-4B24-A059-BA14E25E2DD5}.Debug|x86.Build.0 = Debug|iPhone
		{FB38FD29-B626-4B24-A059-BA14E25E2DD5}.Debug|x86.Deploy.0 = Debug|iPhone
		{FB38FD29-B626-4B24-A059-BA14E25E2DD5}.Release|Any CPU.ActiveCfg = Release|iPhone
		{FB38FD29-B626-4B24-A059-BA14E25E2DD5}.Release|Any CPU.Build.0 = Release|iPhone
		{FB38FD29-B626-4B24-A059-BA14E25E2DD5}.Release|Any CPU.Deploy.0 = Release|iPhone
		{FB38FD29-B626-4B24-A059-BA14E25E2DD5}.Release|ARM.ActiveCfg = Release|iPhone
		{FB38FD29-B626-4B24-A059-BA14E25E2DD5}.Release|ARM.Build.0 = Release|iPhone
		{FB38FD29-B626-4B24-A059-BA14E25E2DD5}.Release|ARM.Deploy.0 = Release|iPhone
		{FB38FD29-B626-4B24-A059-BA14E25E2DD5}.Release|iPhone.ActiveCfg = Release|iPhone
		{FB38FD29-B626-4B24-A059-BA14E25E2DD5}.Release|iPhone.Build.0 = Release|iPhone
		{FB38FD29-B626-4B24-A059-BA14E25E2DD5}.Release|iPhone.Deploy.0 = Release|iPhone
		{FB38FD29-B626-4B24-A059-BA14E25E2DD5}.Release|iPhoneSimulator.ActiveCfg = Release|iPhoneSimulator
		{FB38FD29-B626-4B24-A059-BA14E25E2DD5}.Release|iPhoneSimulator.Build.0 = Release|iPhoneSimulator
		{FB38FD29-B626-4B24-A059-BA14E25E2DD5}.Release|iPhoneSimulator.Deploy.0 = Release|iPhoneSimulator
		{FB38FD29-B626-4B24-A059-BA14E25E2DD5}.Release|x64.ActiveCfg = Release|iPhone
		{FB38FD29-B626-4B24-A059-BA14E25E2DD5}.Release|x64.Build.0 = Release|iPhone
		{FB38FD29-B626-4B24-A059-BA14E25E2DD5}.Release|x64.Deploy.0 = Release|iPhone
		{FB38FD29-B626-4B24-A059-BA14E25E2DD5}.Release|x86.ActiveCfg = Release|iPhone
		{FB38FD29-B626-4B24-A059-BA14E25E2DD5}.Release|x86.Build.0 = Release|iPhone
		{FB38FD29-B626-4B24-A059-BA14E25E2DD5}.Release|x86.Deploy.0 = Release|iPhone
		{9609436F-E3AD-4426-BF76-9147FD5E7703}.Ad-Hoc|Any CPU.ActiveCfg = Debug|Any CPU
		{9609436F-E3AD-4426-BF76-9147FD5E7703}.Ad-Hoc|Any CPU.Build.0 = Debug|Any CPU
		{9609436F-E3AD-4426-BF76-9147FD5E7703}.Ad-Hoc|Any CPU.Deploy.0 = Debug|Any CPU
		{9609436F-E3AD-4426-BF76-9147FD5E7703}.Ad-Hoc|ARM.ActiveCfg = Debug|Any CPU
		{9609436F-E3AD-4426-BF76-9147FD5E7703}.Ad-Hoc|ARM.Build.0 = Debug|Any CPU
		{9609436F-E3AD-4426-BF76-9147FD5E7703}.Ad-Hoc|ARM.Deploy.0 = Debug|Any CPU
		{9609436F-E3AD-4426-BF76-9147FD5E7703}.Ad-Hoc|iPhone.ActiveCfg = Debug|Any CPU
		{9609436F-E3AD-4426-BF76-9147FD5E7703}.Ad-Hoc|iPhone.Build.0 = Debug|Any CPU
		{9609436F-E3AD-4426-BF76-9147FD5E7703}.Ad-Hoc|iPhone.Deploy.0 = Debug|Any CPU
		{9609436F-E3AD-4426-BF76-9147FD5E7703}.Ad-Hoc|iPhoneSimulator.ActiveCfg = Debug|Any CPU
		{9609436F-E3AD-4426-BF76-9147FD5E7703}.Ad-Hoc|iPhoneSimulator.Build.0 = Debug|Any CPU
		{9609436F-E3AD-4426-BF76-9147FD5E7703}.Ad-Hoc|iPhoneSimulator.Deploy.0 = Debug|Any CPU
		{9609436F-E3AD-4426-BF76-9147FD5E7703}.Ad-Hoc|x64.ActiveCfg = Debug|Any CPU
		{9609436F-E3AD-4426-BF76-9147FD5E7703}.Ad-Hoc|x64.Build.0 = Debug|Any CPU
		{9609436F-E3AD-4426-BF76-9147FD5E7703}.Ad-Hoc|x64.Deploy.0 = Debug|Any CPU
		{9609436F-E3AD-4426-BF76-9147FD5E7703}.Ad-Hoc|x86.ActiveCfg = Debug|Any CPU
		{9609436F-E3AD-4426-BF76-9147FD5E7703}.Ad-Hoc|x86.Build.0 = Debug|Any CPU
		{9609436F-E3AD-4426-BF76-9147FD5E7703}.Ad-Hoc|x86.Deploy.0 = Debug|Any CPU
		{9609436F-E3AD-4426-BF76-9147FD5E7703}.AppStore|Any CPU.ActiveCfg = Debug|Any CPU
		{9609436F-E3AD-4426-BF76-9147FD5E7703}.AppStore|Any CPU.Build.0 = Debug|Any CPU
		{9609436F-E3AD-4426-BF76-9147FD5E7703}.AppStore|Any CPU.Deploy.0 = Debug|Any CPU
		{9609436F-E3AD-4426-BF76-9147FD5E7703}.AppStore|ARM.ActiveCfg = Debug|Any CPU
		{9609436F-E3AD-4426-BF76-9147FD5E7703}.AppStore|ARM.Build.0 = Debug|Any CPU
		{9609436F-E3AD-4426-BF76-9147FD5E7703}.AppStore|ARM.Deploy.0 = Debug|Any CPU
		{9609436F-E3AD-4426-BF76-9147FD5E7703}.AppStore|iPhone.ActiveCfg = Debug|Any CPU
		{9609436F-E3AD-4426-BF76-9147FD5E7703}.AppStore|iPhone.Build.0 = Debug|Any CPU
		{9609436F-E3AD-4426-BF76-9147FD5E7703}.AppStore|iPhone.Deploy.0 = Debug|Any CPU
		{9609436F-E3AD-4426-BF76-9147FD5E7703}.AppStore|iPhoneSimulator.ActiveCfg = Debug|Any CPU
		{9609436F-E3AD-4426-BF76-9147FD5E7703}.AppStore|iPhoneSimulator.Build.0 = Debug|Any CPU
		{9609436F-E3AD-4426-BF76-9147FD5E7703}.AppStore|iPhoneSimulator.Deploy.0 = Debug|Any CPU
		{9609436F-E3AD-4426-BF76-9147FD5E7703}.AppStore|x64.ActiveCfg = Debug|Any CPU
		{9609436F-E3AD-4426-BF76-9147FD5E7703}.AppStore|x64.Build.0 = Debug|Any CPU
		{9609436F-E3AD-4426-BF76-9147FD5E7703}.AppStore|x64.Deploy.0 = Debug|Any CPU
		{9609436F-E3AD-4426-BF76-9147FD5E7703}.AppStore|x86.ActiveCfg = Debug|Any CPU
		{9609436F-E3AD-4426-BF76-9147FD5E7703}.AppStore|x86.Build.0 = Debug|Any CPU
		{9609436F-E3AD-4426-BF76-9147FD5E7703}.AppStore|x86.Deploy.0 = Debug|Any CPU
		{9609436F-E3AD-4426-BF76-9147FD5E7703}.Debug|Any CPU.ActiveCfg = Debug|Any CPU
		{9609436F-E3AD-4426-BF76-9147FD5E7703}.Debug|Any CPU.Build.0 = Debug|Any CPU
		{9609436F-E3AD-4426-BF76-9147FD5E7703}.Debug|Any CPU.Deploy.0 = Debug|Any CPU
		{9609436F-E3AD-4426-BF76-9147FD5E7703}.Debug|ARM.ActiveCfg = Debug|Any CPU
		{9609436F-E3AD-4426-BF76-9147FD5E7703}.Debug|ARM.Build.0 = Debug|Any CPU
		{9609436F-E3AD-4426-BF76-9147FD5E7703}.Debug|ARM.Deploy.0 = Debug|Any CPU
		{9609436F-E3AD-4426-BF76-9147FD5E7703}.Debug|iPhone.ActiveCfg = Debug|Any CPU
		{9609436F-E3AD-4426-BF76-9147FD5E7703}.Debug|iPhone.Build.0 = Debug|Any CPU
		{9609436F-E3AD-4426-BF76-9147FD5E7703}.Debug|iPhone.Deploy.0 = Debug|Any CPU
		{9609436F-E3AD-4426-BF76-9147FD5E7703}.Debug|iPhoneSimulator.ActiveCfg = Debug|Any CPU
		{9609436F-E3AD-4426-BF76-9147FD5E7703}.Debug|iPhoneSimulator.Build.0 = Debug|Any CPU
		{9609436F-E3AD-4426-BF76-9147FD5E7703}.Debug|iPhoneSimulator.Deploy.0 = Debug|Any CPU
		{9609436F-E3AD-4426-BF76-9147FD5E7703}.Debug|x64.ActiveCfg = Debug|Any CPU
		{9609436F-E3AD-4426-BF76-9147FD5E7703}.Debug|x64.Build.0 = Debug|Any CPU
		{9609436F-E3AD-4426-BF76-9147FD5E7703}.Debug|x64.Deploy.0 = Debug|Any CPU
		{9609436F-E3AD-4426-BF76-9147FD5E7703}.Debug|x86.ActiveCfg = Debug|Any CPU
		{9609436F-E3AD-4426-BF76-9147FD5E7703}.Debug|x86.Build.0 = Debug|Any CPU
		{9609436F-E3AD-4426-BF76-9147FD5E7703}.Debug|x86.Deploy.0 = Debug|Any CPU
		{9609436F-E3AD-4426-BF76-9147FD5E7703}.Release|Any CPU.ActiveCfg = Release|Any CPU
		{9609436F-E3AD-4426-BF76-9147FD5E7703}.Release|Any CPU.Build.0 = Release|Any CPU
		{9609436F-E3AD-4426-BF76-9147FD5E7703}.Release|Any CPU.Deploy.0 = Release|Any CPU
		{9609436F-E3AD-4426-BF76-9147FD5E7703}.Release|ARM.ActiveCfg = Release|Any CPU
		{9609436F-E3AD-4426-BF76-9147FD5E7703}.Release|ARM.Build.0 = Release|Any CPU
		{9609436F-E3AD-4426-BF76-9147FD5E7703}.Release|ARM.Deploy.0 = Release|Any CPU
		{9609436F-E3AD-4426-BF76-9147FD5E7703}.Release|iPhone.ActiveCfg = Release|Any CPU
		{9609436F-E3AD-4426-BF76-9147FD5E7703}.Release|iPhone.Build.0 = Release|Any CPU
		{9609436F-E3AD-4426-BF76-9147FD5E7703}.Release|iPhone.Deploy.0 = Release|Any CPU
		{9609436F-E3AD-4426-BF76-9147FD5E7703}.Release|iPhoneSimulator.ActiveCfg = Release|Any CPU
		{9609436F-E3AD-4426-BF76-9147FD5E7703}.Release|iPhoneSimulator.Build.0 = Release|Any CPU
		{9609436F-E3AD-4426-BF76-9147FD5E7703}.Release|iPhoneSimulator.Deploy.0 = Release|Any CPU
		{9609436F-E3AD-4426-BF76-9147FD5E7703}.Release|x64.ActiveCfg = Release|Any CPU
		{9609436F-E3AD-4426-BF76-9147FD5E7703}.Release|x64.Build.0 = Release|Any CPU
		{9609436F-E3AD-4426-BF76-9147FD5E7703}.Release|x64.Deploy.0 = Release|Any CPU
		{9609436F-E3AD-4426-BF76-9147FD5E7703}.Release|x86.ActiveCfg = Release|Any CPU
		{9609436F-E3AD-4426-BF76-9147FD5E7703}.Release|x86.Build.0 = Release|Any CPU
		{9609436F-E3AD-4426-BF76-9147FD5E7703}.Release|x86.Deploy.0 = Release|Any CPU
		{EFA7E45C-BCEC-4582-A47B-81276C387293}.Ad-Hoc|Any CPU.ActiveCfg = Debug|Any CPU
		{EFA7E45C-BCEC-4582-A47B-81276C387293}.Ad-Hoc|Any CPU.Build.0 = Debug|Any CPU
		{EFA7E45C-BCEC-4582-A47B-81276C387293}.Ad-Hoc|ARM.ActiveCfg = Debug|Any CPU
		{EFA7E45C-BCEC-4582-A47B-81276C387293}.Ad-Hoc|ARM.Build.0 = Debug|Any CPU
		{EFA7E45C-BCEC-4582-A47B-81276C387293}.Ad-Hoc|iPhone.ActiveCfg = Debug|Any CPU
		{EFA7E45C-BCEC-4582-A47B-81276C387293}.Ad-Hoc|iPhone.Build.0 = Debug|Any CPU
		{EFA7E45C-BCEC-4582-A47B-81276C387293}.Ad-Hoc|iPhoneSimulator.ActiveCfg = Debug|Any CPU
		{EFA7E45C-BCEC-4582-A47B-81276C387293}.Ad-Hoc|iPhoneSimulator.Build.0 = Debug|Any CPU
		{EFA7E45C-BCEC-4582-A47B-81276C387293}.Ad-Hoc|x64.ActiveCfg = Debug|Any CPU
		{EFA7E45C-BCEC-4582-A47B-81276C387293}.Ad-Hoc|x64.Build.0 = Debug|Any CPU
		{EFA7E45C-BCEC-4582-A47B-81276C387293}.Ad-Hoc|x86.ActiveCfg = Debug|Any CPU
		{EFA7E45C-BCEC-4582-A47B-81276C387293}.Ad-Hoc|x86.Build.0 = Debug|Any CPU
		{EFA7E45C-BCEC-4582-A47B-81276C387293}.AppStore|Any CPU.ActiveCfg = Debug|Any CPU
		{EFA7E45C-BCEC-4582-A47B-81276C387293}.AppStore|Any CPU.Build.0 = Debug|Any CPU
		{EFA7E45C-BCEC-4582-A47B-81276C387293}.AppStore|ARM.ActiveCfg = Debug|Any CPU
		{EFA7E45C-BCEC-4582-A47B-81276C387293}.AppStore|ARM.Build.0 = Debug|Any CPU
		{EFA7E45C-BCEC-4582-A47B-81276C387293}.AppStore|iPhone.ActiveCfg = Debug|Any CPU
		{EFA7E45C-BCEC-4582-A47B-81276C387293}.AppStore|iPhone.Build.0 = Debug|Any CPU
		{EFA7E45C-BCEC-4582-A47B-81276C387293}.AppStore|iPhoneSimulator.ActiveCfg = Debug|Any CPU
		{EFA7E45C-BCEC-4582-A47B-81276C387293}.AppStore|iPhoneSimulator.Build.0 = Debug|Any CPU
		{EFA7E45C-BCEC-4582-A47B-81276C387293}.AppStore|x64.ActiveCfg = Debug|Any CPU
		{EFA7E45C-BCEC-4582-A47B-81276C387293}.AppStore|x64.Build.0 = Debug|Any CPU
		{EFA7E45C-BCEC-4582-A47B-81276C387293}.AppStore|x86.ActiveCfg = Debug|Any CPU
		{EFA7E45C-BCEC-4582-A47B-81276C387293}.AppStore|x86.Build.0 = Debug|Any CPU
		{EFA7E45C-BCEC-4582-A47B-81276C387293}.Debug|Any CPU.ActiveCfg = Debug|Any CPU
		{EFA7E45C-BCEC-4582-A47B-81276C387293}.Debug|Any CPU.Build.0 = Debug|Any CPU
		{EFA7E45C-BCEC-4582-A47B-81276C387293}.Debug|ARM.ActiveCfg = Debug|Any CPU
		{EFA7E45C-BCEC-4582-A47B-81276C387293}.Debug|ARM.Build.0 = Debug|Any CPU
		{EFA7E45C-BCEC-4582-A47B-81276C387293}.Debug|iPhone.ActiveCfg = Debug|Any CPU
		{EFA7E45C-BCEC-4582-A47B-81276C387293}.Debug|iPhone.Build.0 = Debug|Any CPU
		{EFA7E45C-BCEC-4582-A47B-81276C387293}.Debug|iPhoneSimulator.ActiveCfg = Debug|Any CPU
		{EFA7E45C-BCEC-4582-A47B-81276C387293}.Debug|iPhoneSimulator.Build.0 = Debug|Any CPU
		{EFA7E45C-BCEC-4582-A47B-81276C387293}.Debug|x64.ActiveCfg = Debug|Any CPU
		{EFA7E45C-BCEC-4582-A47B-81276C387293}.Debug|x64.Build.0 = Debug|Any CPU
		{EFA7E45C-BCEC-4582-A47B-81276C387293}.Debug|x86.ActiveCfg = Debug|Any CPU
		{EFA7E45C-BCEC-4582-A47B-81276C387293}.Debug|x86.Build.0 = Debug|Any CPU
		{EFA7E45C-BCEC-4582-A47B-81276C387293}.Release|Any CPU.ActiveCfg = Release|Any CPU
		{EFA7E45C-BCEC-4582-A47B-81276C387293}.Release|Any CPU.Build.0 = Release|Any CPU
		{EFA7E45C-BCEC-4582-A47B-81276C387293}.Release|ARM.ActiveCfg = Release|Any CPU
		{EFA7E45C-BCEC-4582-A47B-81276C387293}.Release|ARM.Build.0 = Release|Any CPU
		{EFA7E45C-BCEC-4582-A47B-81276C387293}.Release|iPhone.ActiveCfg = Release|Any CPU
		{EFA7E45C-BCEC-4582-A47B-81276C387293}.Release|iPhone.Build.0 = Release|Any CPU
		{EFA7E45C-BCEC-4582-A47B-81276C387293}.Release|iPhoneSimulator.ActiveCfg = Release|Any CPU
		{EFA7E45C-BCEC-4582-A47B-81276C387293}.Release|iPhoneSimulator.Build.0 = Release|Any CPU
		{EFA7E45C-BCEC-4582-A47B-81276C387293}.Release|x64.ActiveCfg = Release|Any CPU
		{EFA7E45C-BCEC-4582-A47B-81276C387293}.Release|x64.Build.0 = Release|Any CPU
		{EFA7E45C-BCEC-4582-A47B-81276C387293}.Release|x86.ActiveCfg = Release|Any CPU
		{EFA7E45C-BCEC-4582-A47B-81276C387293}.Release|x86.Build.0 = Release|Any CPU
	EndGlobalSection
	GlobalSection(SolutionProperties) = preSolution
		HideSolutionNode = FALSE
	EndGlobalSection
	GlobalSection(ExtensibilityGlobals) = postSolution
		SolutionGuid = {775BD3D0-59ED-4001-B8C1-9F49B6013D3A}
	EndGlobalSection
EndGlobal
